
Microsoft Visual Studio Solution File, Format Version 12.00
# Visual Studio Version 17
VisualStudioVersion = 17.3.32929.385
MinimumVisualStudioVersion = 10.0.40219.1
Project("{FAE04EC0-301F-11D3-BF4B-00C04F79EFBC}") = "Registration.UI", "Registration\Registration.UI.csproj", "{C7BA68A6-1C1D-413D-9736-DC1513613530}"
EndProject
Project("{FAE04EC0-301F-11D3-BF4B-00C04F79EFBC}") = "Registration.Model", "Registration.Model\Registration.Model.csproj", "{D3890FFE-4E02-4D58-919C-F6109D5C3877}"
EndProject
Project("{FAE04EC0-301F-11D3-BF4B-00C04F79EFBC}") = "Registration.IBLL", "Registration.IBLL\Registration.IBLL.csproj", "{3EE92977-6A8C-4F9E-A142-EC6F713A93D2}"
EndProject
Project("{FAE04EC0-301F-11D3-BF4B-00C04F79EFBC}") = "Registration.BLL", "Registration.BLL\Registration.BLL.csproj", "{6D47D95D-9DE8-4AD7-BAD3-378FA6C592B9}"
EndProject
Project("{FAE04EC0-301F-11D3-BF4B-00C04F79EFBC}") = "Registration.Common", "Registration.Common\Registration.Common.csproj", "{933CC7E7-FDB9-4FE0-8D15-618D068B624F}"
EndProject
Project("{FAE04EC0-301F-11D3-BF4B-00C04F79EFBC}") = "Registration.IDAL", "Registration.IDAL\Registration.IDAL.csproj", "{4F27B836-DADA-42ED-97C2-B2DF65D1BF49}"
EndProject
Project("{FAE04EC0-301F-11D3-BF4B-00C04F79EFBC}") = "Registration.DAL", "Registration.DAL\Registration.DAL.csproj", "{D4688C38-F38C-4710-9C9E-7DA639FA3D55}"
EndProject
Project("{FAE04EC0-301F-11D3-BF4B-00C04F79EFBC}") = "Registration.Test", "Registration.Test\Registration.Test.csproj", "{516B4460-8541-46A6-B220-DC1D0FBD9FC0}"
EndProject
Global
	GlobalSection(SolutionConfigurationPlatforms) = preSolution
		Debug|Any CPU = Debug|Any CPU
		Release|Any CPU = Release|Any CPU
	EndGlobalSection
	GlobalSection(ProjectConfigurationPlatforms) = postSolution
		{C7BA68A6-1C1D-413D-9736-DC1513613530}.Debug|Any CPU.ActiveCfg = Debug|Any CPU
		{C7BA68A6-1C1D-413D-9736-DC1513613530}.Debug|Any CPU.Build.0 = Debug|Any CPU
		{C7BA68A6-1C1D-413D-9736-DC1513613530}.Release|Any CPU.ActiveCfg = Release|Any CPU
		{C7BA68A6-1C1D-413D-9736-DC1513613530}.Release|Any CPU.Build.0 = Release|Any CPU
		{D3890FFE-4E02-4D58-919C-F6109D5C3877}.Debug|Any CPU.ActiveCfg = Debug|Any CPU
		{D3890FFE-4E02-4D58-919C-F6109D5C3877}.Debug|Any CPU.Build.0 = Debug|Any CPU
		{D3890FFE-4E02-4D58-919C-F6109D5C3877}.Release|Any CPU.ActiveCfg = Release|Any CPU
		{D3890FFE-4E02-4D58-919C-F6109D5C3877}.Release|Any CPU.Build.0 = Release|Any CPU
		{3EE92977-6A8C-4F9E-A142-EC6F713A93D2}.Debug|Any CPU.ActiveCfg = Debug|Any CPU
		{3EE92977-6A8C-4F9E-A142-EC6F713A93D2}.Debug|Any CPU.Build.0 = Debug|Any CPU
		{3EE92977-6A8C-4F9E-A142-EC6F713A93D2}.Release|Any CPU.ActiveCfg = Release|Any CPU
		{3EE92977-6A8C-4F9E-A142-EC6F713A93D2}.Release|Any CPU.Build.0 = Release|Any CPU
		{6D47D95D-9DE8-4AD7-BAD3-378FA6C592B9}.Debug|Any CPU.ActiveCfg = Debug|Any CPU
		{6D47D95D-9DE8-4AD7-BAD3-378FA6C592B9}.Debug|Any CPU.Build.0 = Debug|Any CPU
		{6D47D95D-9DE8-4AD7-BAD3-378FA6C592B9}.Release|Any CPU.ActiveCfg = Release|Any CPU
		{6D47D95D-9DE8-4AD7-BAD3-378FA6C592B9}.Release|Any CPU.Build.0 = Release|Any CPU
		{933CC7E7-FDB9-4FE0-8D15-618D068B624F}.Debug|Any CPU.ActiveCfg = Debug|Any CPU
		{933CC7E7-FDB9-4FE0-8D15-618D068B624F}.Debug|Any CPU.Build.0 = Debug|Any CPU
		{933CC7E7-FDB9-4FE0-8D15-618D068B624F}.Release|Any CPU.ActiveCfg = Release|Any CPU
		{933CC7E7-FDB9-4FE0-8D15-618D068B624F}.Release|Any CPU.Build.0 = Release|Any CPU
		{4F27B836-DADA-42ED-97C2-B2DF65D1BF49}.Debug|Any CPU.ActiveCfg = Debug|Any CPU
		{4F27B836-DADA-42ED-97C2-B2DF65D1BF49}.Debug|Any CPU.Build.0 = Debug|Any CPU
		{4F27B836-DADA-42ED-97C2-B2DF65D1BF49}.Release|Any CPU.ActiveCfg = Release|Any CPU
		{4F27B836-DADA-42ED-97C2-B2DF65D1BF49}.Release|Any CPU.Build.0 = Release|Any CPU
		{D4688C38-F38C-4710-9C9E-7DA639FA3D55}.Debug|Any CPU.ActiveCfg = Debug|Any CPU
		{D4688C38-F38C-4710-9C9E-7DA639FA3D55}.Debug|Any CPU.Build.0 = Debug|Any CPU
		{D4688C38-F38C-4710-9C9E-7DA639FA3D55}.Release|Any CPU.ActiveCfg = Release|Any CPU
		{D4688C38-F38C-4710-9C9E-7DA639FA3D55}.Release|Any CPU.Build.0 = Release|Any CPU
		{516B4460-8541-46A6-B220-DC1D0FBD9FC0}.Debug|Any CPU.ActiveCfg = Debug|Any CPU
		{516B4460-8541-46A6-B220-DC1D0FBD9FC0}.Debug|Any CPU.Build.0 = Debug|Any CPU
		{516B4460-8541-46A6-B220-DC1D0FBD9FC0}.Release|Any CPU.ActiveCfg = Release|Any CPU
		{516B4460-8541-46A6-B220-DC1D0FBD9FC0}.Release|Any CPU.Build.0 = Release|Any CPU
	EndGlobalSection
	GlobalSection(SolutionProperties) = preSolution
		HideSolutionNode = FALSE
	EndGlobalSection
	GlobalSection(ExtensibilityGlobals) = postSolution
		SolutionGuid = {10300239-4AF9-45BB-A153-F418775D7A66}
	EndGlobalSection
EndGlobal
